
Microsoft Visual Studio Solution File, Format Version 12.00
# Visual Studio Version 17
VisualStudioVersion = 17.3.32825.248
MinimumVisualStudioVersion = 10.0.40219.1
Project("{9A19103F-16F7-4668-BE54-9A1E7A4F7556}") = "BankKata", "BankKata\BankKata.csproj", "{23F31A17-B921-4915-BC2B-9ACE8EC61AD1}"
EndProject
Project("{FAE04EC0-301F-11D3-BF4B-00C04F79EFBC}") = "Test", "Test\Test.csproj", "{6325E62A-A29B-4FA2-A456-C72615FF3965}"
EndProject
Global
	GlobalSection(SolutionConfigurationPlatforms) = preSolution
		Debug|Any CPU = Debug|Any CPU
		Release|Any CPU = Release|Any CPU
	EndGlobalSection
	GlobalSection(ProjectConfigurationPlatforms) = postSolution
		{23F31A17-B921-4915-BC2B-9ACE8EC61AD1}.Debug|Any CPU.ActiveCfg = Debug|Any CPU
		{23F31A17-B921-4915-BC2B-9ACE8EC61AD1}.Debug|Any CPU.Build.0 = Debug|Any CPU
		{23F31A17-B921-4915-BC2B-9ACE8EC61AD1}.Release|Any CPU.ActiveCfg = Release|Any CPU
		{23F31A17-B921-4915-BC2B-9ACE8EC61AD1}.Release|Any CPU.Build.0 = Release|Any CPU
		{6325E62A-A29B-4FA2-A456-C72615FF3965}.Debug|Any CPU.ActiveCfg = Debug|Any CPU
		{6325E62A-A29B-4FA2-A456-C72615FF3965}.Debug|Any CPU.Build.0 = Debug|Any CPU
		{6325E62A-A29B-4FA2-A456-C72615FF3965}.Release|Any CPU.ActiveCfg = Release|Any CPU
		{6325E62A-A29B-4FA2-A456-C72615FF3965}.Release|Any CPU.Build.0 = Release|Any CPU
	EndGlobalSection
	GlobalSection(SolutionProperties) = preSolution
		HideSolutionNode = FALSE
	EndGlobalSection
	GlobalSection(ExtensibilityGlobals) = postSolution
		SolutionGuid = {31E0CB28-23DD-4A03-8486-3C25A6A23558}
	EndGlobalSection
EndGlobal
